// !$*UTF8*$!
{
	archiveVersion = 1;
	classes = {
	};
	objectVersion = 77;
	objects = {

/* Begin PBXBuildFile section */
		32916FCB30766B5F0074B60C /* LICENSE in Resources */ = {isa = PBXBuildFile; fileRef = 32916FCA30766B5F0074B60C /* LICENSE */; };
		32916FCD30766BC10074B60C /* README.md in Resources */ = {isa = PBXBuildFile; fileRef = 32916FCC30766BC10074B60C /* README.md */; };
/* End PBXBuildFile section */

/* Begin PBXContainerItemProxy section */
		32916F73306AB2EE0074B60C /* PBXContainerItemProxy */ = {
			isa = PBXContainerItemProxy;
			containerPortal = 32916F5B306AB2EC0074B60C /* Project object */;
			proxyType = 1;
			remoteGlobalIDString = 32916F62306AB2EC0074B60C;
			remoteInfo = EchoOfLife;
		};
		32916F7D306AB2EE0074B60C /* PBXContainerItemProxy */ = {
			isa = PBXContainerItemProxy;
			containerPortal = 32916F5B306AB2EC0074B60C /* Project object */;
			proxyType = 1;
			remoteGlobalIDString = 32916F62306AB2EC0074B60C;
			remoteInfo = EchoOfLife;
		};
/* End PBXContainerItemProxy section */

/* Begin PBXFileReference section */
		32916F63306AB2EC0074B60C /* EchoOfLife.app */ = {isa = PBXFileReference; explicitFileType = wrapper.application; includeInIndex = 0; path = EchoOfLife.app; sourceTree = BUILT_PRODUCTS_DIR; };
		32916F72306AB2EE0074B60C /* EchoOfLifeTests.xctest */ = {isa = PBXFileReference; explicitFileType = wrapper.cfbundle; includeInIndex = 0; path = EchoOfLifeTests.xctest; sourceTree = BUILT_PRODUCTS_DIR; };
		32916F7C306AB2EE0074B60C /* EchoOfLifeUITests.xctest */ = {isa = PBXFileReference; explicitFileType = wrapper.cfbundle; includeInIndex = 0; path = EchoOfLifeUITests.xctest; sourceTree = BUILT_PRODUCTS_DIR; };
		32916FCA30766B5F0074B60C /* LICENSE */ = {isa = PBXFileReference; lastKnownFileType = text; path = LICENSE; sourceTree = "<group>"; };
		32916FCC30766BC10074B60C /* README.md */ = {isa = PBXFileReference; lastKnownFileType = net.daringfireball.markdown; path = README.md; sourceTree = "<group>"; };
/* End PBXFileReference section */

/* Begin PBXFileSystemSynchronizedRootGroup section */
		32916F65306AB2EC0074B60C /* EchoOfLife */ = {
			isa = PBXFileSystemSynchronizedRootGroup;
			path = EchoOfLife;
			sourceTree = "<group>";
		};
		32916F75306AB2EE0074B60C /* EchoOfLifeTests */ = {
			isa = PBXFileSystemSynchronizedRootGroup;
			path = EchoOfLifeTests;
			sourceTree = "<group>";
		};
		32916F7F306AB2EE0074B60C /* EchoOfLifeUITests */ = {
			isa = PBXFileSystemSynchronizedRootGroup;
			path = EchoOfLifeUITests;
			sourceTree = "<group>";
		};
/* End PBXFileSystemSynchronizedRootGroup section */

/* Begin PBXFrameworksBuildPhase section */
		32916F60306AB2EC0074B60C /* Frameworks */ = {
			isa = PBXFrameworksBuildPhase;
			buildActionMask = 2147483647;
			files = (
			);
			runOnlyForDeploymentPostprocessing = 0;
		};
		32916F6F306AB2EE0074B60C /* Frameworks */ = {
			isa = PBXFrameworksBuildPhase;
			buildActionMask = 2147483647;
			files = (
			);
			runOnlyForDeploymentPostprocessing = 0;
		};
		32916F79306AB2EE0074B60C /* Frameworks */ = {
			isa = PBXFrameworksBuildPhase;
			buildActionMask = 2147483647;
			files = (
			);
			runOnlyForDeploymentPostprocessing = 0;
		};
/* End PBXFrameworksBuildPhase section */

/* Begin PBXGroup section */
		32916F5A306AB2EC0074B60C = {
			isa = PBXGroup;
			children = (
				32916FCA30766B5F0074B60C /* LICENSE */,
				32916FCC30766BC10074B60C /* README.md */,
				32916F65306AB2EC0074B60C /* EchoOfLife */,
				32916F75306AB2EE0074B60C /* EchoOfLifeTests */,
				32916F7F306AB2EE0074B60C /* EchoOfLifeUITests */,
				32916F64306AB2EC0074B60C /* Products */,
			);
			sourceTree = "<group>";
		};
		32916F64306AB2EC0074B60C /* Products */ = {
			isa = PBXGroup;
			children = (
				32916F63306AB2EC0074B60C /* EchoOfLife.app */,
				32916F72306AB2EE0074B60C /* EchoOfLifeTests.xctest */,
				32916F7C306AB2EE0074B60C /* EchoOfLifeUITests.xctest */,
			);
			name = Products;
			sourceTree = "<group>";
		};
/* End PBXGroup section */

/* Begin PBXNativeTarget section */
		32916F62306AB2EC0074B60C /* EchoOfLife */ = {
			isa = PBXNativeTarget;
			buildConfigurationList = 32916F86306AB2EE0074B60C /* Build configuration list for PBXNativeTarget "EchoOfLife" */;
			buildPhases = (
				32916F5F306AB2EC0074B60C /* Sources */,
				32916F60306AB2EC0074B60C /* Frameworks */,
				32916F61306AB2EC0074B60C /* Resources */,
			);
			buildRules = (
			);
			dependencies = (
			);
			fileSystemSynchronizedGroups = (
				32916F65306AB2EC0074B60C /* EchoOfLife */,
			);
			name = EchoOfLife;
			packageProductDependencies = (
			);
			productName = EchoOfLife;
			productReference = 32916F63306AB2EC0074B60C /* EchoOfLife.app */;
			productType = "com.apple.product-type.application";
		};
		32916F71306AB2EE0074B60C /* EchoOfLifeTests */ = {
			isa = PBXNativeTarget;
			buildConfigurationList = 32916F89306AB2EE0074B60C /* Build configuration list for PBXNativeTarget "EchoOfLifeTests" */;
			buildPhases = (
				32916F6E306AB2EE0074B60C /* Sources */,
				32916F6F306AB2EE0074B60C /* Frameworks */,
				32916F70306AB2EE0074B60C /* Resources */,
			);
			buildRules = (
			);
			dependencies = (
				32916F74306AB2EE0074B60C /* PBXTargetDependency */,
			);
			fileSystemSynchronizedGroups = (
				32916F75306AB2EE0074B60C /* EchoOfLifeTests */,
			);
			name = EchoOfLifeTests;
			packageProductDependencies = (
			);
			productName = EchoOfLifeTests;
			productReference = 32916F72306AB2EE0074B60C /* EchoOfLifeTests.xctest */;
			productType = "com.apple.product-type.bundle.unit-test";
		};
		32916F7B306AB2EE0074B60C /* EchoOfLifeUITests */ = {
			isa = PBXNativeTarget;
			buildConfigurationList = 32916F8C306AB2EE0074B60C /* Build configuration list for PBXNativeTarget "EchoOfLifeUITests" */;
			buildPhases = (
				32916F78306AB2EE0074B60C /* Sources */,
				32916F79306AB2EE0074B60C /* Frameworks */,
				32916F7A306AB2EE0074B60C /* Resources */,
			);
			buildRules = (
			);
			dependencies = (
				32916F7E306AB2EE0074B60C /* PBXTargetDependency */,
			);
			fileSystemSynchronizedGroups = (
				32916F7F306AB2EE0074B60C /* EchoOfLifeUITests */,
			);
			name = EchoOfLifeUITests;
			packageProductDependencies = (
			);
			productName = EchoOfLifeUITests;
			productReference = 32916F7C306AB2EE0074B60C /* EchoOfLifeUITests.xctest */;
			productType = "com.apple.product-type.bundle.ui-testing";
		};
/* End PBXNativeTarget section */

/* Begin PBXProject section */
		32916F5B306AB2EC0074B60C /* Project object */ = {
			isa = PBXProject;
			attributes = {
				BuildIndependentTargetsInParallel = 1;
				LastSwiftUpdateCheck = 2660;
				LastUpgradeCheck = 2660;
				TargetAttributes = {
					32916F62306AB2EC0074B60C = {
						CreatedOnToolsVersion = 26.6;
					};
					32916F71306AB2EE0074B60C = {
						CreatedOnToolsVersion = 26.6;
						TestTargetID = 32916F62306AB2EC0074B60C;
					};
					32916F7B306AB2EE0074B60C = {
						CreatedOnToolsVersion = 26.6;
						TestTargetID = 32916F62306AB2EC0074B60C;
					};
				};
			};
			buildConfigurationList = 32916F5E306AB2EC0074B60C /* Build configuration list for PBXProject "EchoOfLife" */;
			developmentRegion = en;
			hasScannedForEncodings = 0;
			knownRegions = (
				en,
				Base,
			);
			mainGroup = 32916F5A306AB2EC0074B60C;
			minimizedProjectReferenceProxies = 1;
			preferredProjectObjectVersion = 77;
			productRefGroup = 32916F64306AB2EC0074B60C /* Products */;
			projectDirPath = "";
			projectRoot = "";
			targets = (
				32916F62306AB2EC0074B60C /* EchoOfLife */,
				32916F71306AB2EE0074B60C /* EchoOfLifeTests */,
				32916F7B306AB2EE0074B60C /* EchoOfLifeUITests */,
			);
		};
/* End PBXProject section */

/* Begin PBXResourcesBuildPhase section */
		32916F61306AB2EC0074B60C /* Resources */ = {
			isa = PBXResourcesBuildPhase;
			buildActionMask = 2147483647;
			files = (
				32916FCD30766BC10074B60C /* README.md in Resources */,
				32916FCB30766B5F0074B60C /* LICENSE in Resources */,
			);
			runOnlyForDeploymentPostprocessing = 0;
		};
		32916F70306AB2EE0074B60C /* Resources */ = {
			isa = PBXResourcesBuildPhase;
			buildActionMask = 2147483647;
			files = (
			);
			runOnlyForDeploymentPostprocessing = 0;
		};
		32916F7A306AB2EE0074B60C /* Resources */ = {
			isa = PBXResourcesBuildPhase;
			buildActionMask = 2147483647;
			files = (
			);
			runOnlyForDeploymentPostprocessing = 0;
		};
/* End PBXResourcesBuildPhase section */

/* Begin PBXSourcesBuildPhase section */
		32916F5F306AB2EC0074B60C /* Sources */ = {
			isa = PBXSourcesBuildPhase;
			buildActionMask = 2147483647;
			files = (
			);
			runOnlyForDeploymentPostprocessing = 0;
		};
		32916F6E306AB2EE0074B60C /* Sources */ = {
			isa = PBXSourcesBuildPhase;
			buildActionMask = 2147483647;
			files = (
			);
			runOnlyForDeploymentPostprocessing = 0;
		};
		32916F78306AB2EE0074B60C /* Sources */ = {
			isa = PBXSourcesBuildPhase;
			buildActionMask = 2147483647;
			files = (
			);
			runOnlyForDeploymentPostprocessing = 0;
		};
/* End PBXSourcesBuildPhase section */

/* Begin PBXTargetDependency section */
		32916F74306AB2EE0074B60C /* PBXTargetDependency */ = {
			isa = PBXTargetDependency;
			target = 32916F62306AB2EC0074B60C /* EchoOfLife */;
			targetProxy = 32916F73306AB2EE0074B60C /* PBXContainerItemProxy */;
		};
		32916F7E306AB2EE0074B60C /* PBXTargetDependency */ = {
			isa = PBXTargetDependency;
			target = 32916F62306AB2EC0074B60C /* EchoOfLife */;
			targetProxy = 32916F7D306AB2EE0074B60C /* PBXContainerItemProxy */;
		};
/* End PBXTargetDependency section */

/* Begin XCBuildConfiguration section */
		32916F84306AB2EE0074B60C /* Debug */ = {
			isa = XCBuildConfiguration;
			buildSettings = {
				ALWAYS_SEARCH_USER_PATHS = NO;
				ASSETCATALOG_COMPILER_GENERATE_SWIFT_ASSET_SYMBOL_EXTENSIONS = YES;
				CLANG_ANALYZER_NONNULL = YES;
				CLANG_ANALYZER_NUMBER_OBJECT_CONVERSION = YES_AGGRESSIVE;
				CLANG_CXX_LANGUAGE_STANDARD = "gnu++20";
				CLANG_ENABLE_MODULES = YES;
				CLANG_ENABLE_OBJC_ARC = YES;
				CLANG_ENABLE_OBJC_WEAK = YES;
				CLANG_WARN_BLOCK_CAPTURE_AUTORELEASING = YES;
				CLANG_WARN_BOOL_CONVERSION = YES;
				CLANG_WARN_COMMA = YES;
				CLANG_WARN_CONSTANT_CONVERSION = YES;
				CLANG_WARN_DEPRECATED_OBJC_IMPLEMENTATIONS = YES;
				CLANG_WARN_DIRECT_OBJC_ISA_USAGE = YES_ERROR;
				CLANG_WARN_DOCUMENTATION_COMMENTS = YES;
				CLANG_WARN_EMPTY_BODY = YES;
				CLANG_WARN_ENUM_CONVERSION = YES;
				CLANG_WARN_INFINITE_RECURSION = YES;
				CLANG_WARN_INT_CONVERSION = YES;
				CLANG_WARN_NON_LITERAL_NULL_CONVERSION = YES;
				CLANG_WARN_OBJC_IMPLICIT_RETAIN_SELF = YES;
				CLANG_WARN_OBJC_LITERAL_CONVERSION = YES;
				CLANG_WARN_OBJC_ROOT_CLASS = YES_ERROR;
				CLANG_WARN_QUOTED_INCLUDE_IN_FRAMEWORK_HEADER = YES;
				CLANG_WARN_RANGE_LOOP_ANALYSIS = YES;
				CLANG_WARN_STRICT_PROTOTYPES = YES;
				CLANG_WARN_SUSPICIOUS_MOVE = YES;
				CLANG_WARN_UNGUARDED_AVAILABILITY = YES_AGGRESSIVE;
				CLANG_WARN_UNREACHABLE_CODE = YES;
				CLANG_WARN__DUPLICATE_METHOD_MATCH = YES;
				COPY_PHASE_STRIP = NO;
				DEBUG_INFORMATION_FORMAT = dwarf;
				DEVELOPMENT_TEAM = HSHRGR5AU6;
				ENABLE_STRICT_OBJC_MSGSEND = YES;
				ENABLE_TESTABILITY = YES;
				ENABLE_USER_SCRIPT_SANDBOXING = YES;
				GCC_C_LANGUAGE_STANDARD = gnu17;
				GCC_DYNAMIC_NO_PIC = NO;
				GCC_NO_COMMON_BLOCKS = YES;
				GCC_OPTIMIZATION_LEVEL = 0;
				GCC_PREPROCESSOR_DEFINITIONS = (
					"DEBUG=1",
					"$(inherited)",
				);
				GCC_WARN_64_TO_32_BIT_CONVERSION = YES;
				GCC_WARN_ABOUT_RETURN_TYPE = YES_ERROR;
				GCC_WARN_UNDECLARED_SELECTOR = YES;
				GCC_WARN_UNINITIALIZED_AUTOS = YES_AGGRESSIVE;
				GCC_WARN_UNUSED_FUNCTION = YES;
				GCC_WARN_UNUSED_VARIABLE = YES;
				IPHONEOS_DEPLOYMENT_TARGET = 26.5;
				LOCALIZATION_PREFERS_STRING_CATALOGS = YES;
				MTL_ENABLE_DEBUG_INFO = INCLUDE_SOURCE;
				MTL_FAST_MATH = YES;
				ONLY_ACTIVE_ARCH = YES;
				SDKROOT = iphoneos;
				SWIFT_ACTIVE_COMPILATION_CONDITIONS = "DEBUG $(inherited)";
				SWIFT_OPTIMIZATION_LEVEL = "-Onone";
			};
			name = Debug;
		};
		32916F85306AB2EE0074B60C /* Release */ = {
			isa = XCBuildConfiguration;
			buildSettings = {
				ALWAYS_SEARCH_USER_PATHS = NO;
				ASSETCATALOG_COMPILER_GENERATE_SWIFT_ASSET_SYMBOL_EXTENSIONS = YES;
				CLANG_ANALYZER_NONNULL = YES;
				CLANG_ANALYZER_NUMBER_OBJECT_CONVERSION = YES_AGGRESSIVE;
				CLANG_CXX_LANGUAGE_STANDARD = "gnu++20";
				CLANG_ENABLE_MODULES = YES;
				CLANG_ENABLE_OBJC_ARC = YES;
				CLANG_ENABLE_OBJC_WEAK = YES;
				CLANG_WARN_BLOCK_CAPTURE_AUTORELEASING = YES;
				CLANG_WARN_BOOL_CONVERSION = YES;
				CLANG_WARN_COMMA = YES;
				CLANG_WARN_CONSTANT_CONVERSION = YES;
				CLANG_WARN_DEPRECATED_OBJC_IMPLEMENTATIONS = YES;
				CLANG_WARN_DIRECT_OBJC_ISA_USAGE = YES_ERROR;
				CLANG_WARN_DOCUMENTATION_COMMENTS = YES;
				CLANG_WARN_EMPTY_BODY = YES;
				CLANG_WARN_ENUM_CONVERSION = YES;
				CLANG_WARN_INFINITE_RECURSION = YES;
				CLANG_WARN_INT_CONVERSION = YES;
				CLANG_WARN_NON_LITERAL_NULL_CONVERSION = YES;
				CLANG_WARN_OBJC_IMPLICIT_RETAIN_SELF = YES;
				CLANG_WARN_OBJC_LITERAL_CONVERSION = YES;
				CLANG_WARN_OBJC_ROOT_CLASS = YES_ERROR;
				CLANG_WARN_QUOTED_INCLUDE_IN_FRAMEWORK_HEADER = YES;
				CLANG_WARN_RANGE_LOOP_ANALYSIS = YES;
				CLANG_WARN_STRICT_PROTOTYPES = YES;
				CLANG_WARN_SUSPICIOUS_MOVE = YES;
				CLANG_WARN_UNGUARDED_AVAILABILITY = YES_AGGRESSIVE;
				CLANG_WARN_UNREACHABLE_CODE = YES;
				CLANG_WARN__DUPLICATE_METHOD_MATCH = YES;
				COPY_PHASE_STRIP = NO;
				DEBUG_INFORMATION_FORMAT = "dwarf-with-dsym";
				DEVELOPMENT_TEAM = HSHRGR5AU6;
				ENABLE_NS_ASSERTIONS = NO;
				ENABLE_STRICT_OBJC_MSGSEND = YES;
				ENABLE_USER_SCRIPT_SANDBOXING = YES;
				GCC_C_LANGUAGE_STANDARD = gnu17;
				GCC_NO_COMMON_BLOCKS = YES;
				GCC_WARN_64_TO_32_BIT_CONVERSION = YES;
				GCC_WARN_ABOUT_RETURN_TYPE = YES_ERROR;
				GCC_WARN_UNDECLARED_SELECTOR = YES;
				GCC_WARN_UNINITIALIZED_AUTOS = YES_AGGRESSIVE;
				GCC_WARN_UNUSED_FUNCTION = YES;
				GCC_WARN_UNUSED_VARIABLE = YES;
				IPHONEOS_DEPLOYMENT_TARGET = 26.5;
				LOCALIZATION_PREFERS_STRING_CATALOGS = YES;
				MTL_ENABLE_DEBUG_INFO = NO;
				MTL_FAST_MATH = YES;
				SDKROOT = iphoneos;
				SWIFT_COMPILATION_MODE = wholemodule;
				VALIDATE_PRODUCT = YES;
			};
			name = Release;
		};
		32916F87306AB2EE0074B60C /* Debug */ = {
			isa = XCBuildConfiguration;
			buildSettings = {
				ASSETCATALOG_COMPILER_APPICON_NAME = AppIcon;
				ASSETCATALOG_COMPILER_GLOBAL_ACCENT_COLOR_NAME = AccentColor;
				CODE_SIGN_STYLE = Automatic;
				CURRENT_PROJECT_VERSION = 1;
				DEVELOPMENT_TEAM = HSHRGR5AU6;
				ENABLE_PREVIEWS = YES;
				GENERATE_INFOPLIST_FILE = YES;
				INFOPLIST_KEY_UIApplicationSceneManifest_Generation = YES;
				INFOPLIST_KEY_UIApplicationSupportsIndirectInputEvents = YES;
				INFOPLIST_KEY_UILaunchScreen_Generation = YES;
				INFOPLIST_KEY_UISupportedInterfaceOrientations_iPad = "UIInterfaceOrientationPortrait UIInterfaceOrientationPortraitUpsideDown UIInterfaceOrientationLandscapeLeft UIInterfaceOrientationLandscapeRight";
				INFOPLIST_KEY_UISupportedInterfaceOrientations_iPhone = "UIInterfaceOrientationPortrait UIInterfaceOrientationLandscapeLeft UIInterfaceOrientationLandscapeRight";
				LD_RUNPATH_SEARCH_PATHS = (
					"$(inherited)",
					"@executable_path/Frameworks",
				);
				MARKETING_VERSION = 1.0;
				PRODUCT_BUNDLE_IDENTIFIER = evil.cat.software.EchoOfLife;
				PRODUCT_NAME = "$(TARGET_NAME)";
				STRING_CATALOG_GENERATE_SYMBOLS = YES;
				SWIFT_APPROACHABLE_CONCURRENCY = YES;
				SWIFT_DEFAULT_ACTOR_ISOLATION = MainActor;
				SWIFT_EMIT_LOC_STRINGS = YES;
				SWIFT_UPCOMING_FEATURE_MEMBER_IMPORT_VISIBILITY = YES;
				SWIFT_VERSION = 5.0;
				TARGETED_DEVICE_FAMILY = "1,2";
			};
			name = Debug;
		};
		32916F88306AB2EE0074B60C /* Release */ = {
			isa = XCBuildConfiguration;
			buildSettings = {
				ASSETCATALOG_COMPILER_APPICON_NAME = AppIcon;
				ASSETCATALOG_COMPILER_GLOBAL_ACCENT_COLOR_NAME = AccentColor;
				CODE_SIGN_STYLE = Automatic;
				CURRENT_PROJECT_VERSION = 1;
				DEVELOPMENT_TEAM = HSHRGR5AU6;
				ENABLE_PREVIEWS = YES;
				GENERATE_INFOPLIST_FILE = YES;
				INFOPLIST_KEY_UIApplicationSceneManifest_Generation = YES;
				INFOPLIST_KEY_UIApplicationSupportsIndirectInputEvents = YES;
				INFOPLIST_KEY_UILaunchScreen_Generation = YES;
				INFOPLIST_KEY_UISupportedInterfaceOrientations_iPad = "UIInterfaceOrientationPortrait UIInterfaceOrientationPortraitUpsideDown UIInterfaceOrientationLandscapeLeft UIInterfaceOrientationLandscapeRight";
				INFOPLIST_KEY_UISupportedInterfaceOrientations_iPhone = "UIInterfaceOrientationPortrait UIInterfaceOrientationLandscapeLeft UIInterfaceOrientationLandscapeRight";
				LD_RUNPATH_SEARCH_PATHS = (
					"$(inherited)",
					"@executable_path/Frameworks",
				);
				MARKETING_VERSION = 1.0;
				PRODUCT_BUNDLE_IDENTIFIER = evil.cat.software.EchoOfLife;
				PRODUCT_NAME = "$(TARGET_NAME)";
				STRING_CATALOG_GENERATE_SYMBOLS = YES;
				SWIFT_APPROACHABLE_CONCURRENCY = YES;
				SWIFT_DEFAULT_ACTOR_ISOLATION = MainActor;
				SWIFT_EMIT_LOC_STRINGS = YES;
				SWIFT_UPCOMING_FEATURE_MEMBER_IMPORT_VISIBILITY = YES;
				SWIFT_VERSION = 5.0;
				TARGETED_DEVICE_FAMILY = "1,2";
			};
			name = Release;
		};
		32916F8A306AB2EE0074B60C /* Debug */ = {
			isa = XCBuildConfiguration;
			buildSettings = {
				BUNDLE_LOADER = "$(TEST_HOST)";
				CODE_SIGN_STYLE = Automatic;
				CURRENT_PROJECT_VERSION = 1;
				DEVELOPMENT_TEAM = HSHRGR5AU6;
				GENERATE_INFOPLIST_FILE = YES;
				IPHONEOS_DEPLOYMENT_TARGET = 26.5;
				MARKETING_VERSION = 1.0;
				PRODUCT_BUNDLE_IDENTIFIER = evil.cat.software.EchoOfLifeTests;
				PRODUCT_NAME = "$(TARGET_NAME)";
				STRING_CATALOG_GENERATE_SYMBOLS = NO;
				SWIFT_APPROACHABLE_CONCURRENCY = YES;
				SWIFT_EMIT_LOC_STRINGS = NO;
				SWIFT_UPCOMING_FEATURE_MEMBER_IMPORT_VISIBILITY = YES;
				SWIFT_VERSION = 5.0;
				TARGETED_DEVICE_FAMILY = "1,2";
				TEST_HOST = "$(BUILT_PRODUCTS_DIR)/EchoOfLife.app/$(BUNDLE_EXECUTABLE_FOLDER_PATH)/EchoOfLife";
			};
			name = Debug;
		};
		32916F8B306AB2EE0074B60C /* Release */ = {
			isa = XCBuildConfiguration;
			buildSettings = {
				BUNDLE_LOADER = "$(TEST_HOST)";
				CODE_SIGN_STYLE = Automatic;
				CURRENT_PROJECT_VERSION = 1;
				DEVELOPMENT_TEAM = HSHRGR5AU6;
				GENERATE_INFOPLIST_FILE = YES;
				IPHONEOS_DEPLOYMENT_TARGET = 26.5;
				MARKETING_VERSION = 1.0;
				PRODUCT_BUNDLE_IDENTIFIER = evil.cat.software.EchoOfLifeTests;
				PRODUCT_NAME = "$(TARGET_NAME)";
				STRING_CATALOG_GENERATE_SYMBOLS = NO;
				SWIFT_APPROACHABLE_CONCURRENCY = YES;
				SWIFT_EMIT_LOC_STRINGS = NO;
				SWIFT_UPCOMING_FEATURE_MEMBER_IMPORT_VISIBILITY = YES;
				SWIFT_VERSION = 5.0;
				TARGETED_DEVICE_FAMILY = "1,2";
				TEST_HOST = "$(BUILT_PRODUCTS_DIR)/EchoOfLife.app/$(BUNDLE_EXECUTABLE_FOLDER_PATH)/EchoOfLife";
			};
			name = Release;
		};
		32916F8D306AB2EE0074B60C /* Debug */ = {
			isa = XCBuildConfiguration;
			buildSettings = {
				CODE_SIGN_STYLE = Automatic;
				CURRENT_PROJECT_VERSION = 1;
				DEVELOPMENT_TEAM = HSHRGR5AU6;
				GENERATE_INFOPLIST_FILE = YES;
				MARKETING_VERSION = 1.0;
				PRODUCT_BUNDLE_IDENTIFIER = evil.cat.software.EchoOfLifeUITests;
				PRODUCT_NAME = "$(TARGET_NAME)";
				STRING_CATALOG_GENERATE_SYMBOLS = NO;
				SWIFT_APPROACHABLE_CONCURRENCY = YES;
				SWIFT_EMIT_LOC_STRINGS = NO;
				SWIFT_UPCOMING_FEATURE_MEMBER_IMPORT_VISIBILITY = YES;
				SWIFT_VERSION = 5.0;
				TARGETED_DEVICE_FAMILY = "1,2";
				TEST_TARGET_NAME = EchoOfLife;
			};
			name = Debug;
		};
		32916F8E306AB2EE0074B60C /* Release */ = {
			isa = XCBuildConfiguration;
			buildSettings = {
				CODE_SIGN_STYLE = Automatic;
				CURRENT_PROJECT_VERSION = 1;
				DEVELOPMENT_TEAM = HSHRGR5AU6;
				GENERATE_INFOPLIST_FILE = YES;
				MARKETING_VERSION = 1.0;
				PRODUCT_BUNDLE_IDENTIFIER = evil.cat.software.EchoOfLifeUITests;
				PRODUCT_NAME = "$(TARGET_NAME)";
				STRING_CATALOG_GENERATE_SYMBOLS = NO;
				SWIFT_APPROACHABLE_CONCURRENCY = YES;
				SWIFT_EMIT_LOC_STRINGS = NO;
				SWIFT_UPCOMING_FEATURE_MEMBER_IMPORT_VISIBILITY = YES;
				SWIFT_VERSION = 5.0;
				TARGETED_DEVICE_FAMILY = "1,2";
				TEST_TARGET_NAME = EchoOfLife;
			};
			name = Release;
		};
/* End XCBuildConfiguration section */

/* Begin XCConfigurationList section */
		32916F5E306AB2EC0074B60C /* Build configuration list for PBXProject "EchoOfLife" */ = {
			isa = XCConfigurationList;
			buildConfigurations = (
				32916F84306AB2EE0074B60C /* Debug */,
				32916F85306AB2EE0074B60C /* Release */,
			);
			defaultConfigurationIsVisible = 0;
			defaultConfigurationName = Release;
		};
		32916F86306AB2EE0074B60C /* Build configuration list for PBXNativeTarget "EchoOfLife" */ = {
			isa = XCConfigurationList;
			buildConfigurations = (
				32916F87306AB2EE0074B60C /* Debug */,
				32916F88306AB2EE0074B60C /* Release */,
			);
			defaultConfigurationIsVisible = 0;
			defaultConfigurationName = Release;
		};
		32916F89306AB2EE0074B60C /* Build configuration list for PBXNativeTarget "EchoOfLifeTests" */ = {
			isa = XCConfigurationList;
			buildConfigurations = (
				32916F8A306AB2EE0074B60C /* Debug */,
				32916F8B306AB2EE0074B60C /* Release */,
			);
			defaultConfigurationIsVisible = 0;
			defaultConfigurationName = Release;
		};
		32916F8C306AB2EE0074B60C /* Build configuration list for PBXNativeTarget "EchoOfLifeUITests" */ = {
			isa = XCConfigurationList;
			buildConfigurations = (
				32916F8D306AB2EE0074B60C /* Debug */,
				32916F8E306AB2EE0074B60C /* Release */,
			);
			defaultConfigurationIsVisible = 0;
			defaultConfigurationName = Release;
		};
/* End XCConfigurationList section */
	};
	rootObject = 32916F5B306AB2EC0074B60C /* Project object */;
}
